<?xml version="1.0" encoding="utf-8"?>
<Project ToolsVersion="4.0" xmlns="http://schemas.microsoft.com/developer/msbuild/2003">
  <ItemGroup>
    <Filter Include="Source Files">
      <UniqueIdentifier>{9f42c650-e96a-420c-bc48-c3030b320a83}</UniqueIdentifier>
      <Extensions>cpp;c;cxx;def;odl;idl;hpj;bat;asm</Extensions>
    </Filter>
    <Filter Include="Header Files">
      <UniqueIdentifier>{537e5349-2890-4145-9f96-209f46c7e7c1}</UniqueIdentifier>
      <Extensions>h;hpp;hxx;hm;inl;inc</Extensions>
    </Filter>
    <Filter Include="Resource Files">
      <UniqueIdentifier>{4d0e6aad-6a10-43f9-b34d-99fbb6769521}</UniqueIdentifier>
      <Extensions>rc;ico;cur;bmp;dlg;rc2;rct;bin;rgs;jpg;jpeg;jpe;manifest</Extensions>
    </Filter>
    <Filter Include="Resource Files\Icons">
      <UniqueIdentifier>{682caad1-b156-480e-ab66-e6dcef6bf24d}</UniqueIdentifier>
    </Filter>
    <Filter Include="TreeNodes">
      <UniqueIdentifier>{8d93cc28-9318-4fae-b824-3fd027d97999}</UniqueIdentifier>
    </Filter>
  </ItemGroup>
  <ItemGroup>
    <ClCompile Include="DotNetExp.cpp">
      <Filter>Source Files</Filter>
    </ClCompile>
    <ClCompile Include="MainFrm.cpp">
      <Filter>Source Files</Filter>
    </ClCompile>
    <ClCompile Include="View.cpp">
      <Filter>Source Files</Filter>
    </ClCompile>
    <ClCompile Include="AboutDlg.cpp">
      <Filter>Source Files</Filter>
    </ClCompile>
    <ClCompile Include="Target.cpp">
      <Filter>Source Files</Filter>
    </ClCompile>
    <ClCompile Include="TreeNodeBase.cpp">
      <Filter>Source Files</Filter>
    </ClCompile>
    <ClCompile Include="ProcessSelectDlg.cpp">
      <Filter>Source Files</Filter>
    </ClCompile>
    <ClCompile Include="pch.cpp">
      <Filter>Source Files</Filter>
    </ClCompile>
    <ClCompile Include="SortHelper.cpp">
      <Filter>Source Files</Filter>
    </ClCompile>
    <ClCompile Include="AssembliesTreeNode.cpp">
      <Filter>TreeNodes</Filter>
    </ClCompile>
    <ClCompile Include="ThreadsTreeNode.cpp">
      <Filter>TreeNodes</Filter>
    </ClCompile>
    <ClCompile Include="SyncBlocksTreeNode.cpp">
      <Filter>TreeNodes</Filter>
    </ClCompile>
    <ClCompile Include="ModulesTreeNode.cpp">
      <Filter>TreeNodes</Filter>
    </ClCompile>
    <ClCompile Include="TypesTreeNode.cpp">
      <Filter>TreeNodes</Filter>
    </ClCompile>
  </ItemGroup>
  <ItemGroup>
    <ClInclude Include="MainFrm.h">
      <Filter>Header Files</Filter>
    </ClInclude>
    <ClInclude Include="View.h">
      <Filter>Header Files</Filter>
    </ClInclude>
    <ClInclude Include="AboutDlg.h">
      <Filter>Header Files</Filter>
    </ClInclude>
    <ClInclude Include="resource.h">
      <Filter>Header Files</Filter>
    </ClInclude>
    <ClInclude Include="Target.h">
      <Filter>Header Files</Filter>
    </ClInclude>
    <ClInclude Include="TreeNodeBase.h">
      <Filter>Header Files</Filter>
    </ClInclude>
    <ClInclude Include="ProcessSelectDlg.h">
      <Filter>Header Files</Filter>
    </ClInclude>
    <ClInclude Include="pch.h">
      <Filter>Header Files</Filter>
    </ClInclude>
    <ClInclude Include="SortHelper.h">
      <Filter>Header Files</Filter>
    </ClInclude>
    <ClInclude Include="AssembliesTreeNode.h">
      <Filter>TreeNodes</Filter>
    </ClInclude>
    <ClInclude Include="ThreadsTreeNode.h">
      <Filter>TreeNodes</Filter>
    </ClInclude>
    <ClInclude Include="SyncBlocksTreeNode.h">
      <Filter>TreeNodes</Filter>
    </ClInclude>
    <ClInclude Include="ModulesTreeNode.h">
      <Filter>TreeNodes</Filter>
    </ClInclude>
    <ClInclude Include="TypesTreeNode.h">
      <Filter>TreeNodes</Filter>
    </ClInclude>
  </ItemGroup>
  <ItemGroup>
    <Image Include="res\asm-dyn.ico">
      <Filter>Resource Files\Icons</Filter>
    </Image>
    <Image Include="res\assembly.ico">
      <Filter>Resource Files\Icons</Filter>
    </Image>
    <Image Include="res\class.ico">
      <Filter>Resource Files\Icons</Filter>
    </Image>
    <Image Include="res\database.ico">
      <Filter>Resource Files\Icons</Filter>
    </Image>
    <Image Include="res\delete.ico">
      <Filter>Resource Files\Icons</Filter>
    </Image>
    <Image Include="res\DotNetExp.ico">
      <Filter>Resource Files\Icons</Filter>
    </Image>
    <Image Include="res\file_db.ico">
      <Filter>Resource Files\Icons</Filter>
    </Image>
    <Image Include="res\library.ico">
      <Filter>Resource Files\Icons</Filter>
    </Image>
    <Image Include="res\method.ico">
      <Filter>Resource Files\Icons</Filter>
    </Image>
    <Image Include="res\module.ico">
      <Filter>Resource Files\Icons</Filter>
    </Image>
    <Image Include="res\nav_blue_left.ico">
      <Filter>Resource Files\Icons</Filter>
    </Image>
    <Image Include="res\nav_blue_right.ico">
      <Filter>Resource Files\Icons</Filter>
    </Image>
    <Image Include="res\ok.ico">
      <Filter>Resource Files\Icons</Filter>
    </Image>
    <Image Include="res\process.ico">
      <Filter>Resource Files\Icons</Filter>
    </Image>
    <Image Include="res\processes.ico">
      <Filter>Resource Files\Icons</Filter>
    </Image>
    <Image Include="res\structure.ico">
      <Filter>Resource Files\Icons</Filter>
    </Image>
    <Image Include="res\text.ico">
      <Filter>Resource Files\Icons</Filter>
    </Image>
    <Image Include="res\threads.ico">
      <Filter>Resource Files\Icons</Filter>
    </Image>
    <Image Include="res\threads-dead.ico">
      <Filter>Resource Files\Icons</Filter>
    </Image>
    <Image Include="res\types.ico">
      <Filter>Resource Files\Icons</Filter>
    </Image>
    <Image Include="res\deliverable.ico">
      <Filter>Resource Files\Icons</Filter>
    </Image>
    <Image Include="res\Heap.ico">
      <Filter>Resource Files\Icons</Filter>
    </Image>
    <Image Include="res\memory.ico">
      <Filter>Resource Files\Icons</Filter>
    </Image>
    <Image Include="res\object.ico">
      <Filter>Resource Files\Icons</Filter>
    </Image>
    <Image Include="res\save_as.ico">
      <Filter>Resource Files\Icons</Filter>
    </Image>
    <Image Include="res\padlock-filled.ico">
      <Filter>Resource Files\Icons</Filter>
    </Image>
    <Image Include="res\padlock-open-filled.ico">
      <Filter>Resource Files\Icons</Filter>
    </Image>
  </ItemGroup>
  <ItemGroup>
    <None Include="packages.config" />
  </ItemGroup>
  <ItemGroup>
    <ResourceCompile Include="DotNetExp.rc">
      <Filter>Resource Files</Filter>
    </ResourceCompile>
  </ItemGroup>
</Project>